
Microsoft Visual Studio Solution File, Format Version 12.00
# Visual Studio 2013
VisualStudioVersion = 12.0.21005.1
MinimumVisualStudioVersion = 10.0.40219.1
Project("{FAE04EC0-301F-11D3-BF4B-00C04F79EFBC}") = "MyOutOfControlService", "MyOutOfControlService\MyOutOfControlService.csproj", "{5A326523-04EA-4A92-8051-EE6865CD7DF3}"
EndProject
Project("{FAE04EC0-301F-11D3-BF4B-00C04F79EFBC}") = "DotNetNate.Integration.Wcf.Extensions", "DotNetNate.Integration.Wcf.Extensions\DotNetNate.Integration.Wcf.Extensions.csproj", "{71A2C8A8-2876-4582-9120-14024007E7EE}"
EndProject
Global
	GlobalSection(SolutionConfigurationPlatforms) = preSolution
		Debug|Any CPU = Debug|Any CPU
		Release|Any CPU = Release|Any CPU
	EndGlobalSection
	GlobalSection(ProjectConfigurationPlatforms) = postSolution
		{5A326523-04EA-4A92-8051-EE6865CD7DF3}.Debug|Any CPU.ActiveCfg = Debug|Any CPU
		{5A326523-04EA-4A92-8051-EE6865CD7DF3}.Debug|Any CPU.Build.0 = Debug|Any CPU
		{5A326523-04EA-4A92-8051-EE6865CD7DF3}.Release|Any CPU.ActiveCfg = Release|Any CPU
		{5A326523-04EA-4A92-8051-EE6865CD7DF3}.Release|Any CPU.Build.0 = Release|Any CPU
		{71A2C8A8-2876-4582-9120-14024007E7EE}.Debug|Any CPU.ActiveCfg = Debug|Any CPU
		{71A2C8A8-2876-4582-9120-14024007E7EE}.Debug|Any CPU.Build.0 = Debug|Any CPU
		{71A2C8A8-2876-4582-9120-14024007E7EE}.Release|Any CPU.ActiveCfg = Release|Any CPU
		{71A2C8A8-2876-4582-9120-14024007E7EE}.Release|Any CPU.Build.0 = Release|Any CPU
	EndGlobalSection
	GlobalSection(SolutionProperties) = preSolution
		HideSolutionNode = FALSE
	EndGlobalSection
EndGlobal
